
Microsoft Visual Studio Solution File, Format Version 12.00
# Visual Studio Version 16
VisualStudioVersion = 16.0.31613.86
MinimumVisualStudioVersion = 10.0.40219.1
Project("{FAE04EC0-301F-11D3-BF4B-00C04F79EFBC}") = "Container", "Container\Container.csproj", "{1BF31AE5-77B0-45DB-893E-DF451E9B563E}"
EndProject
Global
	GlobalSection(SolutionConfigurationPlatforms) = preSolution
		Debug|Any CPU = Debug|Any CPU
		Release|Any CPU = Release|Any CPU
	EndGlobalSection
	GlobalSection(ProjectConfigurationPlatforms) = postSolution
		{1BF31AE5-77B0-45DB-893E-DF451E9B563E}.Debug|Any CPU.ActiveCfg = Debug|Any CPU
		{1BF31AE5-77B0-45DB-893E-DF451E9B563E}.Debug|Any CPU.Build.0 = Debug|Any CPU
		{1BF31AE5-77B0-45DB-893E-DF451E9B563E}.Release|Any CPU.ActiveCfg = Release|Any CPU
		{1BF31AE5-77B0-45DB-893E-DF451E9B563E}.Release|Any CPU.Build.0 = Release|Any CPU
	EndGlobalSection
	GlobalSection(SolutionProperties) = preSolution
		HideSolutionNode = FALSE
	EndGlobalSection
	GlobalSection(ExtensibilityGlobals) = postSolution
		SolutionGuid = {8632951C-674F-4C22-AD65-611D3DF91C80}
	EndGlobalSection
EndGlobal
