
Microsoft Visual Studio Solution File, Format Version 12.00
# Visual Studio Version 16
VisualStudioVersion = 16.0.31105.61
MinimumVisualStudioVersion = 10.0.40219.1
Project("{FAE04EC0-301F-11D3-BF4B-00C04F79EFBC}") = "MoveShip", "MoveShip\MoveShip.csproj", "{51711BAB-8D2F-4BCE-987F-D87CB18286D6}"
EndProject
Global
	GlobalSection(SolutionConfigurationPlatforms) = preSolution
		Debug|Any CPU = Debug|Any CPU
		Release|Any CPU = Release|Any CPU
	EndGlobalSection
	GlobalSection(ProjectConfigurationPlatforms) = postSolution
		{51711BAB-8D2F-4BCE-987F-D87CB18286D6}.Debug|Any CPU.ActiveCfg = Debug|Any CPU
		{51711BAB-8D2F-4BCE-987F-D87CB18286D6}.Debug|Any CPU.Build.0 = Debug|Any CPU
		{51711BAB-8D2F-4BCE-987F-D87CB18286D6}.Release|Any CPU.ActiveCfg = Release|Any CPU
		{51711BAB-8D2F-4BCE-987F-D87CB18286D6}.Release|Any CPU.Build.0 = Release|Any CPU
	EndGlobalSection
	GlobalSection(SolutionProperties) = preSolution
		HideSolutionNode = FALSE
	EndGlobalSection
	GlobalSection(ExtensibilityGlobals) = postSolution
		SolutionGuid = {6A83AF58-2DE9-495F-AA8B-948B6B171C92}
	EndGlobalSection
EndGlobal
