
Microsoft Visual Studio Solution File, Format Version 12.00
# Visual Studio Version 17
VisualStudioVersion = 17.1.31911.260
MinimumVisualStudioVersion = 10.0.40219.1
Project("{FAE04EC0-301F-11D3-BF4B-00C04F79EFBC}") = "Inheritage", "Inheritage\Inheritage.csproj", "{8BD14ACB-16E3-45AC-A5C2-347EC8717FEB}"
EndProject
Global
	GlobalSection(SolutionConfigurationPlatforms) = preSolution
		Debug|Any CPU = Debug|Any CPU
		Release|Any CPU = Release|Any CPU
	EndGlobalSection
	GlobalSection(ProjectConfigurationPlatforms) = postSolution
		{8BD14ACB-16E3-45AC-A5C2-347EC8717FEB}.Debug|Any CPU.ActiveCfg = Debug|Any CPU
		{8BD14ACB-16E3-45AC-A5C2-347EC8717FEB}.Debug|Any CPU.Build.0 = Debug|Any CPU
		{8BD14ACB-16E3-45AC-A5C2-347EC8717FEB}.Release|Any CPU.ActiveCfg = Release|Any CPU
		{8BD14ACB-16E3-45AC-A5C2-347EC8717FEB}.Release|Any CPU.Build.0 = Release|Any CPU
	EndGlobalSection
	GlobalSection(SolutionProperties) = preSolution
		HideSolutionNode = FALSE
	EndGlobalSection
	GlobalSection(ExtensibilityGlobals) = postSolution
		SolutionGuid = {C0C7BE25-2836-4129-860E-668711BA9670}
	EndGlobalSection
EndGlobal
