
Microsoft Visual Studio Solution File, Format Version 12.00
# Visual Studio Version 16
VisualStudioVersion = 16.0.31605.320
MinimumVisualStudioVersion = 10.0.40219.1
Project("{FAE04EC0-301F-11D3-BF4B-00C04F79EFBC}") = "Interface", "Interface\Interface.csproj", "{87C3AE05-AF21-4034-B97B-11A310BAB187}"
EndProject
Global
	GlobalSection(SolutionConfigurationPlatforms) = preSolution
		Debug|Any CPU = Debug|Any CPU
		Release|Any CPU = Release|Any CPU
	EndGlobalSection
	GlobalSection(ProjectConfigurationPlatforms) = postSolution
		{87C3AE05-AF21-4034-B97B-11A310BAB187}.Debug|Any CPU.ActiveCfg = Debug|Any CPU
		{87C3AE05-AF21-4034-B97B-11A310BAB187}.Debug|Any CPU.Build.0 = Debug|Any CPU
		{87C3AE05-AF21-4034-B97B-11A310BAB187}.Release|Any CPU.ActiveCfg = Release|Any CPU
		{87C3AE05-AF21-4034-B97B-11A310BAB187}.Release|Any CPU.Build.0 = Release|Any CPU
	EndGlobalSection
	GlobalSection(SolutionProperties) = preSolution
		HideSolutionNode = FALSE
	EndGlobalSection
	GlobalSection(ExtensibilityGlobals) = postSolution
		SolutionGuid = {95A2D38E-D368-491D-85EC-4D1D83BE4AE8}
	EndGlobalSection
EndGlobal
