
Microsoft Visual Studio Solution File, Format Version 12.00
# Visual Studio Version 16
VisualStudioVersion = 16.0.31105.61
MinimumVisualStudioVersion = 10.0.40219.1
Project("{FAE04EC0-301F-11D3-BF4B-00C04F79EFBC}") = "Word_Order", "Task1\Word_Order.csproj", "{EA1A0A47-E223-473E-AD34-A2E1E3506E22}"
EndProject
Project("{FAE04EC0-301F-11D3-BF4B-00C04F79EFBC}") = "Brackets", "Task2\Brackets.csproj", "{8AD872DF-7AB9-44EF-9A7D-881D54478D1C}"
EndProject
Global
	GlobalSection(SolutionConfigurationPlatforms) = preSolution
		Debug|Any CPU = Debug|Any CPU
		Release|Any CPU = Release|Any CPU
	EndGlobalSection
	GlobalSection(ProjectConfigurationPlatforms) = postSolution
		{EA1A0A47-E223-473E-AD34-A2E1E3506E22}.Debug|Any CPU.ActiveCfg = Debug|Any CPU
		{EA1A0A47-E223-473E-AD34-A2E1E3506E22}.Debug|Any CPU.Build.0 = Debug|Any CPU
		{EA1A0A47-E223-473E-AD34-A2E1E3506E22}.Release|Any CPU.ActiveCfg = Release|Any CPU
		{EA1A0A47-E223-473E-AD34-A2E1E3506E22}.Release|Any CPU.Build.0 = Release|Any CPU
		{8AD872DF-7AB9-44EF-9A7D-881D54478D1C}.Debug|Any CPU.ActiveCfg = Debug|Any CPU
		{8AD872DF-7AB9-44EF-9A7D-881D54478D1C}.Debug|Any CPU.Build.0 = Debug|Any CPU
		{8AD872DF-7AB9-44EF-9A7D-881D54478D1C}.Release|Any CPU.ActiveCfg = Release|Any CPU
		{8AD872DF-7AB9-44EF-9A7D-881D54478D1C}.Release|Any CPU.Build.0 = Release|Any CPU
	EndGlobalSection
	GlobalSection(SolutionProperties) = preSolution
		HideSolutionNode = FALSE
	EndGlobalSection
	GlobalSection(ExtensibilityGlobals) = postSolution
		SolutionGuid = {312927D6-A9FC-4597-9DF3-48EF625F10EB}
	EndGlobalSection
EndGlobal
