
Microsoft Visual Studio Solution File, Format Version 12.00
# Visual Studio Version 17
VisualStudioVersion = 17.0.31612.314
MinimumVisualStudioVersion = 10.0.40219.1
Project("{FAE04EC0-301F-11D3-BF4B-00C04F79EFBC}") = "ExceptionSolver", "ExceptionSolver\ExceptionSolver.csproj", "{4E91BF5D-098E-493A-B5CE-68972DBF1642}"
EndProject
Project("{FAE04EC0-301F-11D3-BF4B-00C04F79EFBC}") = "EquationLib", "EquationLib\EquationLib.csproj", "{D54421EA-8D9B-4B03-8D19-21442F4F41D2}"
EndProject
Global
	GlobalSection(SolutionConfigurationPlatforms) = preSolution
		Debug|Any CPU = Debug|Any CPU
		Release|Any CPU = Release|Any CPU
	EndGlobalSection
	GlobalSection(ProjectConfigurationPlatforms) = postSolution
		{4E91BF5D-098E-493A-B5CE-68972DBF1642}.Debug|Any CPU.ActiveCfg = Debug|Any CPU
		{4E91BF5D-098E-493A-B5CE-68972DBF1642}.Debug|Any CPU.Build.0 = Debug|Any CPU
		{4E91BF5D-098E-493A-B5CE-68972DBF1642}.Release|Any CPU.ActiveCfg = Release|Any CPU
		{4E91BF5D-098E-493A-B5CE-68972DBF1642}.Release|Any CPU.Build.0 = Release|Any CPU
		{D54421EA-8D9B-4B03-8D19-21442F4F41D2}.Debug|Any CPU.ActiveCfg = Debug|Any CPU
		{D54421EA-8D9B-4B03-8D19-21442F4F41D2}.Debug|Any CPU.Build.0 = Debug|Any CPU
		{D54421EA-8D9B-4B03-8D19-21442F4F41D2}.Release|Any CPU.ActiveCfg = Release|Any CPU
		{D54421EA-8D9B-4B03-8D19-21442F4F41D2}.Release|Any CPU.Build.0 = Release|Any CPU
	EndGlobalSection
	GlobalSection(SolutionProperties) = preSolution
		HideSolutionNode = FALSE
	EndGlobalSection
	GlobalSection(ExtensibilityGlobals) = postSolution
		SolutionGuid = {181EFCDB-5E8C-43B1-A297-7B502424F4EC}
	EndGlobalSection
EndGlobal
