
Microsoft Visual Studio Solution File, Format Version 12.00
# Visual Studio Version 16
VisualStudioVersion = 16.0.31105.61
MinimumVisualStudioVersion = 10.0.40219.1
Project("{FAE04EC0-301F-11D3-BF4B-00C04F79EFBC}") = "Enum", "Enum\Enum.csproj", "{0A2B29D5-BC99-4159-9F51-101AA7D1CC63}"
EndProject
Project("{FAE04EC0-301F-11D3-BF4B-00C04F79EFBC}") = "ClassEnum", "ClassEnum\ClassEnum.csproj", "{86176FB4-448E-4F61-A224-8544C5BC284F}"
EndProject
Global
	GlobalSection(SolutionConfigurationPlatforms) = preSolution
		Debug|Any CPU = Debug|Any CPU
		Release|Any CPU = Release|Any CPU
	EndGlobalSection
	GlobalSection(ProjectConfigurationPlatforms) = postSolution
		{0A2B29D5-BC99-4159-9F51-101AA7D1CC63}.Debug|Any CPU.ActiveCfg = Debug|Any CPU
		{0A2B29D5-BC99-4159-9F51-101AA7D1CC63}.Debug|Any CPU.Build.0 = Debug|Any CPU
		{0A2B29D5-BC99-4159-9F51-101AA7D1CC63}.Release|Any CPU.ActiveCfg = Release|Any CPU
		{0A2B29D5-BC99-4159-9F51-101AA7D1CC63}.Release|Any CPU.Build.0 = Release|Any CPU
		{86176FB4-448E-4F61-A224-8544C5BC284F}.Debug|Any CPU.ActiveCfg = Debug|Any CPU
		{86176FB4-448E-4F61-A224-8544C5BC284F}.Debug|Any CPU.Build.0 = Debug|Any CPU
		{86176FB4-448E-4F61-A224-8544C5BC284F}.Release|Any CPU.ActiveCfg = Release|Any CPU
		{86176FB4-448E-4F61-A224-8544C5BC284F}.Release|Any CPU.Build.0 = Release|Any CPU
	EndGlobalSection
	GlobalSection(SolutionProperties) = preSolution
		HideSolutionNode = FALSE
	EndGlobalSection
	GlobalSection(ExtensibilityGlobals) = postSolution
		SolutionGuid = {7D54B630-4FF6-47BF-A4CB-E7BF9E248B31}
	EndGlobalSection
EndGlobal
