
Microsoft Visual Studio Solution File, Format Version 12.00
# Visual Studio Version 16
VisualStudioVersion = 16.0.31605.320
MinimumVisualStudioVersion = 10.0.40219.1
Project("{FAE04EC0-301F-11D3-BF4B-00C04F79EFBC}") = "Queue", "Queue\Queue.csproj", "{BA56C479-B5E2-4788-8CCA-D8A9007C44FC}"
EndProject
Global
	GlobalSection(SolutionConfigurationPlatforms) = preSolution
		Debug|Any CPU = Debug|Any CPU
		Release|Any CPU = Release|Any CPU
	EndGlobalSection
	GlobalSection(ProjectConfigurationPlatforms) = postSolution
		{BA56C479-B5E2-4788-8CCA-D8A9007C44FC}.Debug|Any CPU.ActiveCfg = Debug|Any CPU
		{BA56C479-B5E2-4788-8CCA-D8A9007C44FC}.Debug|Any CPU.Build.0 = Debug|Any CPU
		{BA56C479-B5E2-4788-8CCA-D8A9007C44FC}.Release|Any CPU.ActiveCfg = Release|Any CPU
		{BA56C479-B5E2-4788-8CCA-D8A9007C44FC}.Release|Any CPU.Build.0 = Release|Any CPU
	EndGlobalSection
	GlobalSection(SolutionProperties) = preSolution
		HideSolutionNode = FALSE
	EndGlobalSection
	GlobalSection(ExtensibilityGlobals) = postSolution
		SolutionGuid = {3E14E11C-AB30-454D-A7CA-0206109B1AF1}
	EndGlobalSection
EndGlobal
