
Microsoft Visual Studio Solution File, Format Version 12.00
# Visual Studio Version 16
VisualStudioVersion = 16.0.31313.79
MinimumVisualStudioVersion = 10.0.40219.1
Project("{FAE04EC0-301F-11D3-BF4B-00C04F79EFBC}") = "Enum[Flags]", "Enum[Flags]\Enum[Flags].csproj", "{20298763-71D6-4B58-A325-017568C1BE6F}"
EndProject
Global
	GlobalSection(SolutionConfigurationPlatforms) = preSolution
		Debug|Any CPU = Debug|Any CPU
		Release|Any CPU = Release|Any CPU
	EndGlobalSection
	GlobalSection(ProjectConfigurationPlatforms) = postSolution
		{20298763-71D6-4B58-A325-017568C1BE6F}.Debug|Any CPU.ActiveCfg = Debug|Any CPU
		{20298763-71D6-4B58-A325-017568C1BE6F}.Debug|Any CPU.Build.0 = Debug|Any CPU
		{20298763-71D6-4B58-A325-017568C1BE6F}.Release|Any CPU.ActiveCfg = Release|Any CPU
		{20298763-71D6-4B58-A325-017568C1BE6F}.Release|Any CPU.Build.0 = Release|Any CPU
	EndGlobalSection
	GlobalSection(SolutionProperties) = preSolution
		HideSolutionNode = FALSE
	EndGlobalSection
	GlobalSection(ExtensibilityGlobals) = postSolution
		SolutionGuid = {AEF81834-9C5C-4276-81C9-C3042248C0AA}
	EndGlobalSection
EndGlobal
