
Microsoft Visual Studio Solution File, Format Version 12.00
# Visual Studio Version 16
VisualStudioVersion = 16.0.31105.61
MinimumVisualStudioVersion = 10.0.40219.1
Project("{FAE04EC0-301F-11D3-BF4B-00C04F79EFBC}") = "Group_Of_Students", "Group_Of_Students\Group_Of_Students.csproj", "{E414EA56-F577-4C08-9CF4-786778C3AA99}"
EndProject
Global
	GlobalSection(SolutionConfigurationPlatforms) = preSolution
		Debug|Any CPU = Debug|Any CPU
		Release|Any CPU = Release|Any CPU
	EndGlobalSection
	GlobalSection(ProjectConfigurationPlatforms) = postSolution
		{E414EA56-F577-4C08-9CF4-786778C3AA99}.Debug|Any CPU.ActiveCfg = Debug|Any CPU
		{E414EA56-F577-4C08-9CF4-786778C3AA99}.Debug|Any CPU.Build.0 = Debug|Any CPU
		{E414EA56-F577-4C08-9CF4-786778C3AA99}.Release|Any CPU.ActiveCfg = Release|Any CPU
		{E414EA56-F577-4C08-9CF4-786778C3AA99}.Release|Any CPU.Build.0 = Release|Any CPU
	EndGlobalSection
	GlobalSection(SolutionProperties) = preSolution
		HideSolutionNode = FALSE
	EndGlobalSection
	GlobalSection(ExtensibilityGlobals) = postSolution
		SolutionGuid = {06EDD63C-5275-412B-9B96-50224EF544BE}
	EndGlobalSection
EndGlobal
