
Microsoft Visual Studio Solution File, Format Version 12.00
# Visual Studio Version 17
VisualStudioVersion = 17.0.31612.314
MinimumVisualStudioVersion = 10.0.40219.1
Project("{FAE04EC0-301F-11D3-BF4B-00C04F79EFBC}") = "ShevaKirTest", "ShevaKirTest\ShevaKirTest.csproj", "{0DC92472-1216-4DA5-896E-DEE639136884}"
EndProject
Global
	GlobalSection(SolutionConfigurationPlatforms) = preSolution
		Debug|Any CPU = Debug|Any CPU
		Release|Any CPU = Release|Any CPU
	EndGlobalSection
	GlobalSection(ProjectConfigurationPlatforms) = postSolution
		{0DC92472-1216-4DA5-896E-DEE639136884}.Debug|Any CPU.ActiveCfg = Debug|Any CPU
		{0DC92472-1216-4DA5-896E-DEE639136884}.Debug|Any CPU.Build.0 = Debug|Any CPU
		{0DC92472-1216-4DA5-896E-DEE639136884}.Release|Any CPU.ActiveCfg = Release|Any CPU
		{0DC92472-1216-4DA5-896E-DEE639136884}.Release|Any CPU.Build.0 = Release|Any CPU
	EndGlobalSection
	GlobalSection(SolutionProperties) = preSolution
		HideSolutionNode = FALSE
	EndGlobalSection
	GlobalSection(ExtensibilityGlobals) = postSolution
		SolutionGuid = {9D5C02BC-BA98-4689-B147-8F07473ED651}
	EndGlobalSection
EndGlobal
